
Microsoft Visual Studio Solution File, Format Version 12.00
# Visual Studio 15
VisualStudioVersion = 15.0.28010.2041
MinimumVisualStudioVersion = 10.0.40219.1
Project("{6EC3EE1D-3C4E-46DD-8F32-0CC8E7565705}") = "circles", "circles.fsproj", "{9C01CB03-3473-4D0B-A077-D08FBA2FF785}"
EndProject
Project("{FAE04EC0-301F-11D3-BF4B-00C04F79EFBC}") = "voronoi", "voronoi\voronoi.csproj", "{9DEDA7B2-E8D3-4C5A-B4CB-D87CD6762BA5}"
EndProject
Global
	GlobalSection(SolutionConfigurationPlatforms) = preSolution
		Debug|Any CPU = Debug|Any CPU
		Release|Any CPU = Release|Any CPU
	EndGlobalSection
	GlobalSection(ProjectConfigurationPlatforms) = postSolution
		{9C01CB03-3473-4D0B-A077-D08FBA2FF785}.Debug|Any CPU.ActiveCfg = Debug|Any CPU
		{9C01CB03-3473-4D0B-A077-D08FBA2FF785}.Debug|Any CPU.Build.0 = Debug|Any CPU
		{9C01CB03-3473-4D0B-A077-D08FBA2FF785}.Release|Any CPU.ActiveCfg = Release|Any CPU
		{9C01CB03-3473-4D0B-A077-D08FBA2FF785}.Release|Any CPU.Build.0 = Release|Any CPU
		{9DEDA7B2-E8D3-4C5A-B4CB-D87CD6762BA5}.Debug|Any CPU.ActiveCfg = Debug|Any CPU
		{9DEDA7B2-E8D3-4C5A-B4CB-D87CD6762BA5}.Debug|Any CPU.Build.0 = Debug|Any CPU
		{9DEDA7B2-E8D3-4C5A-B4CB-D87CD6762BA5}.Release|Any CPU.ActiveCfg = Release|Any CPU
		{9DEDA7B2-E8D3-4C5A-B4CB-D87CD6762BA5}.Release|Any CPU.Build.0 = Release|Any CPU
	EndGlobalSection
	GlobalSection(SolutionProperties) = preSolution
		HideSolutionNode = FALSE
	EndGlobalSection
	GlobalSection(ExtensibilityGlobals) = postSolution
		SolutionGuid = {753E6AA1-69FE-4D52-8895-3ACCEF159DB1}
	EndGlobalSection
EndGlobal
